<?xml version="1.0" encoding="utf-8"?>
<Project ToolsVersion="4.0" xmlns="http://schemas.microsoft.com/developer/msbuild/2003">
  <ItemGroup>
    <Filter Include="Source Files">
      <UniqueIdentifier>{4FC737F1-C7A5-4376-A066-2A32D752A2FF}</UniqueIdentifier>
      <Extensions>cpp;cxx;c;def</Extensions>
    </Filter>
    <Filter Include="Header Files">
      <UniqueIdentifier>{93995380-89BD-4b04-88EB-625FBE52EBFB}</UniqueIdentifier>
      <Extensions>h</Extensions>
    </Filter>
    <Filter Include="Form Files">
      <UniqueIdentifier>{99349809-55BA-4b9d-BF79-8FDBB0286EB3}</UniqueIdentifier>
      <Extensions>ui</Extensions>
    </Filter>
    <Filter Include="Resource Files">
      <UniqueIdentifier>{D9D6E242-F8AF-46E4-B9FD-80ECBC20BA3E}</UniqueIdentifier>
      <Extensions>qrc;*</Extensions>
      <ParseFiles>false</ParseFiles>
    </Filter>
    <Filter Include="Generated Files">
      <UniqueIdentifier>{71ED8ED8-ACB9-4CE9-BBE1-E00B30144E11}</UniqueIdentifier>
      <Extensions>moc;h;cpp</Extensions>
      <SourceControlFiles>False</SourceControlFiles>
    </Filter>
    <Filter Include="Generated Files\Debug">
      <UniqueIdentifier>{5b8777f9-5140-4762-93b7-005972106c3a}</UniqueIdentifier>
      <Extensions>cpp;moc</Extensions>
      <SourceControlFiles>False</SourceControlFiles>
    </Filter>
    <Filter Include="Generated Files\Release">
      <UniqueIdentifier>{43ab4725-0a55-425d-9f4f-d59a46fd36a3}</UniqueIdentifier>
      <Extensions>cpp;moc</Extensions>
      <SourceControlFiles>False</SourceControlFiles>
    </Filter>
  </ItemGroup>
  <ItemGroup>
    <ClCompile Include="GeneratedFiles\qrc_mainwindow.cpp">
      <Filter>Generated Files</Filter>
    </ClCompile>
    <ClCompile Include="FiberPrint\FiberPrintPARM.cpp">
      <Filter>Source Files</Filter>
    </ClCompile>
    <ClCompile Include="FiberPrint\FiberPrintPlugIn.cpp">
      <Filter>Source Files</Filter>
    </ClCompile>
    <ClCompile Include="FiberPrint\SeqAnalyzer.cpp">
      <Filter>Source Files</Filter>
    </ClCompile>
    <ClCompile Include="FiberPrint\DualGraph.cpp">
      <Filter>Source Files</Filter>
    </ClCompile>
    <ClCompile Include="QP\QP.cpp">
      <Filter>Source Files</Filter>
    </ClCompile>
    <ClCompile Include="QP\QPFactory.cpp">
      <Filter>Source Files</Filter>
    </ClCompile>
    <ClCompile Include="QP\QPMosek.cpp">
      <Filter>Source Files</Filter>
    </ClCompile>
    <ClCompile Include="WireFrame\WireFrame.cpp">
      <Filter>Source Files</Filter>
    </ClCompile>
    <ClCompile Include="I_O\Statistics.cpp">
      <Filter>Source Files</Filter>
    </ClCompile>
    <ClCompile Include="Collision\ExtruderCone.cpp">
      <Filter>Source Files</Filter>
    </ClCompile>
    <ClCompile Include="FiberPrint\GraphCut.cpp">
      <Filter>Source Files</Filter>
    </ClCompile>
    <ClCompile Include="Stiffness\StiffnessSolver.cpp">
      <Filter>Source Files</Filter>
    </ClCompile>
    <ClCompile Include="Stiffness\StiffnessIO.cpp">
      <Filter>Source Files</Filter>
    </ClCompile>
    <ClCompile Include="Stiffness\Stiffness.cpp">
      <Filter>Source Files</Filter>
    </ClCompile>
    <ClCompile Include="Stiffness\CoordTrans.cpp">
      <Filter>Source Files</Filter>
    </ClCompile>
    <ClCompile Include="Collision\ResolveAngle.cpp">
      <Filter>Source Files</Filter>
    </ClCompile>
    <ClCompile Include="Stiffness\IllCondDetector.cpp">
      <Filter>Source Files</Filter>
    </ClCompile>
    <ClCompile Include="Collision\QuadricCollision.cpp">
      <Filter>Source Files</Filter>
    </ClCompile>
    <ClCompile Include="FiberPrint\ADMMCut.cpp">
      <Filter>Source Files</Filter>
    </ClCompile>
    <ClCompile Include="FiberPrint\BFAnalyzer.cpp">
      <Filter>Source Files</Filter>
    </ClCompile>
    <ClCompile Include="FiberPrint\FFAnalyzer.cpp">
      <Filter>Source Files</Filter>
    </ClCompile>
    <ClCompile Include="FiberPrint\NormalCut.cpp">
      <Filter>Source Files</Filter>
    </ClCompile>
    <ClCompile Include="GlobalFunctions\Timer.cpp">
      <Filter>Source Files</Filter>
    </ClCompile>
    <ClCompile Include="MainWindow\ArcBall.cpp">
      <Filter>Source Files</Filter>
    </ClCompile>
    <ClCompile Include="MainWindow\main.cpp">
      <Filter>Source Files</Filter>
    </ClCompile>
    <ClCompile Include="MainWindow\mainwindow.cpp">
      <Filter>Source Files</Filter>
    </ClCompile>
    <ClCompile Include="GeneratedFiles\Debug\moc_mainwindow.cpp">
      <Filter>Generated Files\Debug</Filter>
    </ClCompile>
    <ClCompile Include="GeneratedFiles\Release\moc_mainwindow.cpp">
      <Filter>Generated Files\Release</Filter>
    </ClCompile>
    <ClCompile Include="GeneratedFiles\Debug\moc_renderingwidget.cpp">
      <Filter>Generated Files\Debug</Filter>
    </ClCompile>
    <ClCompile Include="GeneratedFiles\Release\moc_renderingwidget.cpp">
      <Filter>Generated Files\Release</Filter>
    </ClCompile>
    <ClCompile Include="MainWindow\renderingwidget.cpp">
      <Filter>Source Files</Filter>
    </ClCompile>
    <ClCompile Include="FiberPrint\ProcAnalyzer.cpp">
      <Filter>Source Files</Filter>
    </ClCompile>
  </ItemGroup>
  <ItemGroup>
    <CustomBuild Include="mainwindow.ui">
      <Filter>Form Files</Filter>
    </CustomBuild>
    <CustomBuild Include="mainwindow.qrc">
      <Filter>Resource Files</Filter>
    </CustomBuild>
    <CustomBuild Include="MainWindow\mainwindow.h">
      <Filter>Header Files</Filter>
    </CustomBuild>
    <CustomBuild Include="MainWindow\renderingwidget.h">
      <Filter>Header Files</Filter>
    </CustomBuild>
  </ItemGroup>
  <ItemGroup>
    <ClInclude Include="GeneratedFiles\ui_mainwindow.h">
      <Filter>Generated Files</Filter>
    </ClInclude>
    <ClInclude Include="FiberPrint\FiberPrintPARM.h">
      <Filter>Header Files</Filter>
    </ClInclude>
    <ClInclude Include="FiberPrint\FiberPrintPlugIn.h">
      <Filter>Header Files</Filter>
    </ClInclude>
    <ClInclude Include="FiberPrint\SeqAnalyzer.h">
      <Filter>Header Files</Filter>
    </ClInclude>
    <ClInclude Include="QP\QP.h">
      <Filter>Header Files</Filter>
    </ClInclude>
    <ClInclude Include="QP\QPFactory.h">
      <Filter>Header Files</Filter>
    </ClInclude>
    <ClInclude Include="QP\QPMosek.h">
      <Filter>Header Files</Filter>
    </ClInclude>
    <ClInclude Include="WireFrame\WireFrame.h">
      <Filter>Header Files</Filter>
    </ClInclude>
    <ClInclude Include="I_O\Statistics.h">
      <Filter>Header Files</Filter>
    </ClInclude>
    <ClInclude Include="Collision\ExtruderCone.h">
      <Filter>Header Files</Filter>
    </ClInclude>
    <ClInclude Include="Collision\Geometry.h">
      <Filter>Header Files</Filter>
    </ClInclude>
    <ClInclude Include="Collision\Parallelogram.h">
      <Filter>Header Files</Filter>
    </ClInclude>
    <ClInclude Include="Collision\Polyface.h">
      <Filter>Header Files</Filter>
    </ClInclude>
    <ClInclude Include="Collision\Triangle.h">
      <Filter>Header Files</Filter>
    </ClInclude>
    <ClInclude Include="FiberPrint\GraphCut.h">
      <Filter>Header Files</Filter>
    </ClInclude>
    <ClInclude Include="Stiffness\StiffnessSolver.h">
      <Filter>Header Files</Filter>
    </ClInclude>
    <ClInclude Include="Stiffness\StiffnessIO.h">
      <Filter>Header Files</Filter>
    </ClInclude>
    <ClInclude Include="Stiffness\Stiffness.h">
      <Filter>Header Files</Filter>
    </ClInclude>
    <ClInclude Include="Stiffness\CoordTrans.h">
      <Filter>Header Files</Filter>
    </ClInclude>
    <ClInclude Include="FiberPrint\DualGraph.h">
      <Filter>Header Files</Filter>
    </ClInclude>
    <ClInclude Include="Collision\ResolveAngle.h">
      <Filter>Header Files</Filter>
    </ClInclude>
    <ClInclude Include="Stiffness\IllCondDetector.h">
      <Filter>Header Files</Filter>
    </ClInclude>
    <ClInclude Include="Collision\QuadricCollision.h">
      <Filter>Header Files</Filter>
    </ClInclude>
    <ClInclude Include="FiberPrint\ADMMCut.h">
      <Filter>Header Files</Filter>
    </ClInclude>
    <ClInclude Include="FiberPrint\BFAnalyzer.h">
      <Filter>Header Files</Filter>
    </ClInclude>
    <ClInclude Include="FiberPrint\FFAnalyzer.h">
      <Filter>Header Files</Filter>
    </ClInclude>
    <ClInclude Include="FiberPrint\NormalCut.h">
      <Filter>Header Files</Filter>
    </ClInclude>
    <ClInclude Include="GlobalFunctions\Timer.h">
      <Filter>Header Files</Filter>
    </ClInclude>
    <ClInclude Include="MainWindow\ArcBall.h">
      <Filter>Header Files</Filter>
    </ClInclude>
    <ClInclude Include="GlobalFunctions\GCommon.h">
      <Filter>Header Files</Filter>
    </ClInclude>
    <ClInclude Include="GlobalFunctions\globalFunctions.h">
      <Filter>Header Files</Filter>
    </ClInclude>
  </ItemGroup>
</Project>